
Microsoft Visual Studio Solution File, Format Version 11.00
# Visual Studio 2010
Project("{8BC9CEB8-8B4A-11D0-8D11-00A0C91BC942}") = "ShellSort", "ShellSort\ShellSort.vcxproj", "{3AF63517-8E45-40E4-80F4-52E5EFD4100D}"
EndProject
Global
	GlobalSection(SolutionConfigurationPlatforms) = preSolution
		Debug|Win32 = Debug|Win32
		Release|Win32 = Release|Win32
	EndGlobalSection
	GlobalSection(ProjectConfigurationPlatforms) = postSolution
		{3AF63517-8E45-40E4-80F4-52E5EFD4100D}.Debug|Win32.ActiveCfg = Debug|Win32
		{3AF63517-8E45-40E4-80F4-52E5EFD4100D}.Debug|Win32.Build.0 = Debug|Win32
		{3AF63517-8E45-40E4-80F4-52E5EFD4100D}.Release|Win32.ActiveCfg = Release|Win32
		{3AF63517-8E45-40E4-80F4-52E5EFD4100D}.Release|Win32.Build.0 = Release|Win32
	EndGlobalSection
	GlobalSection(SolutionProperties) = preSolution
		HideSolutionNode = FALSE
	EndGlobalSection
EndGlobal
